
Microsoft Visual Studio Solution File, Format Version 12.00
# Visual Studio Version 17
VisualStudioVersion = 17.3.32901.215
MinimumVisualStudioVersion = 10.0.40219.1
Project("{FAE04EC0-301F-11D3-BF4B-00C04F79EFBC}") = "BetterGeneGraphicsFramework", "BetterGeneGraphicsFramework.csproj", "{ACC8FA69-2429-49D2-8414-C666B5DA4190}"
EndProject
Global
	GlobalSection(SolutionConfigurationPlatforms) = preSolution
		Debug|Any CPU = Debug|Any CPU
		Release|Any CPU = Release|Any CPU
	EndGlobalSection
	GlobalSection(ProjectConfigurationPlatforms) = postSolution
		{ACC8FA69-2429-49D2-8414-C666B5DA4190}.Debug|Any CPU.ActiveCfg = Debug|Any CPU
		{ACC8FA69-2429-49D2-8414-C666B5DA4190}.Debug|Any CPU.Build.0 = Debug|Any CPU
		{ACC8FA69-2429-49D2-8414-C666B5DA4190}.Release|Any CPU.ActiveCfg = Release|Any CPU
		{ACC8FA69-2429-49D2-8414-C666B5DA4190}.Release|Any CPU.Build.0 = Release|Any CPU
	EndGlobalSection
	GlobalSection(SolutionProperties) = preSolution
		HideSolutionNode = FALSE
	EndGlobalSection
	GlobalSection(ExtensibilityGlobals) = postSolution
		SolutionGuid = {24BC787B-2236-4E2C-9D95-73CF80DC1754}
	EndGlobalSection
EndGlobal
